// !$*UTF8*$!
{
	archiveVersion = 1;
	classes = {
	};
	objectVersion = 56;
	objects = {

/* Begin PBXBuildFile section */
		92C86E592A6191D7008ECA0F /* AppDelegate.swift in Sources */ = {isa = PBXBuildFile; fileRef = 92C86E582A6191D7008ECA0F /* AppDelegate.swift */; };
		92C86E5B2A6191D7008ECA0F /* SceneDelegate.swift in Sources */ = {isa = PBXBuildFile; fileRef = 92C86E5A2A6191D7008ECA0F /* SceneDelegate.swift */; };
		92C86E5D2A6191D7008ECA0F /* ViewController.swift in Sources */ = {isa = PBXBuildFile; fileRef = 92C86E5C2A6191D7008ECA0F /* ViewController.swift */; };
		92C86E602A6191D7008ECA0F /* Main.storyboard in Resources */ = {isa = PBXBuildFile; fileRef = 92C86E5E2A6191D7008ECA0F /* Main.storyboard */; };
		92C86E632A6191D7008ECA0F /* RealWeatherAppVer1.xcdatamodeld in Sources */ = {isa = PBXBuildFile; fileRef = 92C86E612A6191D7008ECA0F /* RealWeatherAppVer1.xcdatamodeld */; };
		92C86E652A6191D9008ECA0F /* Assets.xcassets in Resources */ = {isa = PBXBuildFile; fileRef = 92C86E642A6191D9008ECA0F /* Assets.xcassets */; };
		92C86E682A6191D9008ECA0F /* LaunchScreen.storyboard in Resources */ = {isa = PBXBuildFile; fileRef = 92C86E662A6191D9008ECA0F /* LaunchScreen.storyboard */; };
		92C86E732A6191D9008ECA0F /* RealWeatherAppVer1Tests.swift in Sources */ = {isa = PBXBuildFile; fileRef = 92C86E722A6191D9008ECA0F /* RealWeatherAppVer1Tests.swift */; };
		92C86E7D2A6191D9008ECA0F /* RealWeatherAppVer1UITests.swift in Sources */ = {isa = PBXBuildFile; fileRef = 92C86E7C2A6191D9008ECA0F /* RealWeatherAppVer1UITests.swift */; };
		92C86E7F2A6191D9008ECA0F /* RealWeatherAppVer1UITestsLaunchTests.swift in Sources */ = {isa = PBXBuildFile; fileRef = 92C86E7E2A6191D9008ECA0F /* RealWeatherAppVer1UITestsLaunchTests.swift */; };
		92C86E8C2A6533AC008ECA0F /* WeatherModel.swift in Sources */ = {isa = PBXBuildFile; fileRef = 92C86E8B2A6533AC008ECA0F /* WeatherModel.swift */; };
		92C86E8E2A653632008ECA0F /* ResultViewController.swift in Sources */ = {isa = PBXBuildFile; fileRef = 92C86E8D2A653632008ECA0F /* ResultViewController.swift */; };
		92C86E902A65364A008ECA0F /* PageViewController.swift in Sources */ = {isa = PBXBuildFile; fileRef = 92C86E8F2A65364A008ECA0F /* PageViewController.swift */; };
		92C86E922A65536A008ECA0F /* HeaderView.swift in Sources */ = {isa = PBXBuildFile; fileRef = 92C86E912A65536A008ECA0F /* HeaderView.swift */; };
		92C86E942A655381008ECA0F /* FooterView.swift in Sources */ = {isa = PBXBuildFile; fileRef = 92C86E932A655381008ECA0F /* FooterView.swift */; };
		92C86E972A65539D008ECA0F /* WeekTableViewCell.swift in Sources */ = {isa = PBXBuildFile; fileRef = 92C86E952A65539D008ECA0F /* WeekTableViewCell.swift */; };
		92C86E982A65539D008ECA0F /* WeekTableViewCell.xib in Resources */ = {isa = PBXBuildFile; fileRef = 92C86E962A65539D008ECA0F /* WeekTableViewCell.xib */; };
		92C86E9B2A6553AF008ECA0F /* CollectionTableViewCell.swift in Sources */ = {isa = PBXBuildFile; fileRef = 92C86E992A6553AF008ECA0F /* CollectionTableViewCell.swift */; };
		92C86E9C2A6553AF008ECA0F /* CollectionTableViewCell.xib in Resources */ = {isa = PBXBuildFile; fileRef = 92C86E9A2A6553AF008ECA0F /* CollectionTableViewCell.xib */; };
		92C86E9E2A6553C8008ECA0F /* HeaderView.xib in Resources */ = {isa = PBXBuildFile; fileRef = 92C86E9D2A6553C8008ECA0F /* HeaderView.xib */; };
		92C86EA02A6553D4008ECA0F /* FooterView.xib in Resources */ = {isa = PBXBuildFile; fileRef = 92C86E9F2A6553D4008ECA0F /* FooterView.xib */; };
		92C86EA32A6554B1008ECA0F /* Kingfisher in Frameworks */ = {isa = PBXBuildFile; productRef = 92C86EA22A6554B1008ECA0F /* Kingfisher */; };
		92C86EA62A6558B2008ECA0F /* FooterCollectionViewCell.swift in Sources */ = {isa = PBXBuildFile; fileRef = 92C86EA42A6558B2008ECA0F /* FooterCollectionViewCell.swift */; };
		92C86EA72A6558B2008ECA0F /* FooterCollectionViewCell.xib in Resources */ = {isa = PBXBuildFile; fileRef = 92C86EA52A6558B2008ECA0F /* FooterCollectionViewCell.xib */; };
		92C86EAA2A6559C5008ECA0F /* CollectionViewCell.swift in Sources */ = {isa = PBXBuildFile; fileRef = 92C86EA82A6559C5008ECA0F /* CollectionViewCell.swift */; };
		92C86EAB2A6559C5008ECA0F /* CollectionViewCell.xib in Resources */ = {isa = PBXBuildFile; fileRef = 92C86EA92A6559C5008ECA0F /* CollectionViewCell.xib */; };
/* End PBXBuildFile section */

/* Begin PBXContainerItemProxy section */
		92C86E6F2A6191D9008ECA0F /* PBXContainerItemProxy */ = {
			isa = PBXContainerItemProxy;
			containerPortal = 92C86E4D2A6191D7008ECA0F /* Project object */;
			proxyType = 1;
			remoteGlobalIDString = 92C86E542A6191D7008ECA0F;
			remoteInfo = RealWeatherAppVer1;
		};
		92C86E792A6191D9008ECA0F /* PBXContainerItemProxy */ = {
			isa = PBXContainerItemProxy;
			containerPortal = 92C86E4D2A6191D7008ECA0F /* Project object */;
			proxyType = 1;
			remoteGlobalIDString = 92C86E542A6191D7008ECA0F;
			remoteInfo = RealWeatherAppVer1;
		};
/* End PBXContainerItemProxy section */

/* Begin PBXFileReference section */
		92C86E552A6191D7008ECA0F /* RealWeatherAppVer1.app */ = {isa = PBXFileReference; explicitFileType = wrapper.application; includeInIndex = 0; path = RealWeatherAppVer1.app; sourceTree = BUILT_PRODUCTS_DIR; };
		92C86E582A6191D7008ECA0F /* AppDelegate.swift */ = {isa = PBXFileReference; lastKnownFileType = sourcecode.swift; path = AppDelegate.swift; sourceTree = "<group>"; };
		92C86E5A2A6191D7008ECA0F /* SceneDelegate.swift */ = {isa = PBXFileReference; lastKnownFileType = sourcecode.swift; path = SceneDelegate.swift; sourceTree = "<group>"; };
		92C86E5C2A6191D7008ECA0F /* ViewController.swift */ = {isa = PBXFileReference; lastKnownFileType = sourcecode.swift; path = ViewController.swift; sourceTree = "<group>"; };
		92C86E5F2A6191D7008ECA0F /* Base */ = {isa = PBXFileReference; lastKnownFileType = file.storyboard; name = Base; path = Base.lproj/Main.storyboard; sourceTree = "<group>"; };
		92C86E622A6191D7008ECA0F /* RealWeatherAppVer1.xcdatamodel */ = {isa = PBXFileReference; lastKnownFileType = wrapper.xcdatamodel; path = RealWeatherAppVer1.xcdatamodel; sourceTree = "<group>"; };
		92C86E642A6191D9008ECA0F /* Assets.xcassets */ = {isa = PBXFileReference; lastKnownFileType = folder.assetcatalog; path = Assets.xcassets; sourceTree = "<group>"; };
		92C86E672A6191D9008ECA0F /* Base */ = {isa = PBXFileReference; lastKnownFileType = file.storyboard; name = Base; path = Base.lproj/LaunchScreen.storyboard; sourceTree = "<group>"; };
		92C86E692A6191D9008ECA0F /* Info.plist */ = {isa = PBXFileReference; lastKnownFileType = text.plist.xml; path = Info.plist; sourceTree = "<group>"; };
		92C86E6E2A6191D9008ECA0F /* RealWeatherAppVer1Tests.xctest */ = {isa = PBXFileReference; explicitFileType = wrapper.cfbundle; includeInIndex = 0; path = RealWeatherAppVer1Tests.xctest; sourceTree = BUILT_PRODUCTS_DIR; };
		92C86E722A6191D9008ECA0F /* RealWeatherAppVer1Tests.swift */ = {isa = PBXFileReference; lastKnownFileType = sourcecode.swift; path = RealWeatherAppVer1Tests.swift; sourceTree = "<group>"; };
		92C86E782A6191D9008ECA0F /* RealWeatherAppVer1UITests.xctest */ = {isa = PBXFileReference; explicitFileType = wrapper.cfbundle; includeInIndex = 0; path = RealWeatherAppVer1UITests.xctest; sourceTree = BUILT_PRODUCTS_DIR; };
		92C86E7C2A6191D9008ECA0F /* RealWeatherAppVer1UITests.swift */ = {isa = PBXFileReference; lastKnownFileType = sourcecode.swift; path = RealWeatherAppVer1UITests.swift; sourceTree = "<group>"; };
		92C86E7E2A6191D9008ECA0F /* RealWeatherAppVer1UITestsLaunchTests.swift */ = {isa = PBXFileReference; lastKnownFileType = sourcecode.swift; path = RealWeatherAppVer1UITestsLaunchTests.swift; sourceTree = "<group>"; };
		92C86E8B2A6533AC008ECA0F /* WeatherModel.swift */ = {isa = PBXFileReference; lastKnownFileType = sourcecode.swift; path = WeatherModel.swift; sourceTree = "<group>"; };
		92C86E8D2A653632008ECA0F /* ResultViewController.swift */ = {isa = PBXFileReference; lastKnownFileType = sourcecode.swift; path = ResultViewController.swift; sourceTree = "<group>"; };
		92C86E8F2A65364A008ECA0F /* PageViewController.swift */ = {isa = PBXFileReference; lastKnownFileType = sourcecode.swift; path = PageViewController.swift; sourceTree = "<group>"; };
		92C86E912A65536A008ECA0F /* HeaderView.swift */ = {isa = PBXFileReference; lastKnownFileType = sourcecode.swift; path = HeaderView.swift; sourceTree = "<group>"; };
		92C86E932A655381008ECA0F /* FooterView.swift */ = {isa = PBXFileReference; lastKnownFileType = sourcecode.swift; path = FooterView.swift; sourceTree = "<group>"; };
		92C86E952A65539D008ECA0F /* WeekTableViewCell.swift */ = {isa = PBXFileReference; lastKnownFileType = sourcecode.swift; path = WeekTableViewCell.swift; sourceTree = "<group>"; };
		92C86E962A65539D008ECA0F /* WeekTableViewCell.xib */ = {isa = PBXFileReference; lastKnownFileType = file.xib; path = WeekTableViewCell.xib; sourceTree = "<group>"; };
		92C86E992A6553AF008ECA0F /* CollectionTableViewCell.swift */ = {isa = PBXFileReference; lastKnownFileType = sourcecode.swift; path = CollectionTableViewCell.swift; sourceTree = "<group>"; };
		92C86E9A2A6553AF008ECA0F /* CollectionTableViewCell.xib */ = {isa = PBXFileReference; lastKnownFileType = file.xib; path = CollectionTableViewCell.xib; sourceTree = "<group>"; };
		92C86E9D2A6553C8008ECA0F /* HeaderView.xib */ = {isa = PBXFileReference; lastKnownFileType = file.xib; path = HeaderView.xib; sourceTree = "<group>"; };
		92C86E9F2A6553D4008ECA0F /* FooterView.xib */ = {isa = PBXFileReference; lastKnownFileType = file.xib; path = FooterView.xib; sourceTree = "<group>"; };
		92C86EA42A6558B2008ECA0F /* FooterCollectionViewCell.swift */ = {isa = PBXFileReference; lastKnownFileType = sourcecode.swift; path = FooterCollectionViewCell.swift; sourceTree = "<group>"; };
		92C86EA52A6558B2008ECA0F /* FooterCollectionViewCell.xib */ = {isa = PBXFileReference; lastKnownFileType = file.xib; path = FooterCollectionViewCell.xib; sourceTree = "<group>"; };
		92C86EA82A6559C5008ECA0F /* CollectionViewCell.swift */ = {isa = PBXFileReference; lastKnownFileType = sourcecode.swift; path = CollectionViewCell.swift; sourceTree = "<group>"; };
		92C86EA92A6559C5008ECA0F /* CollectionViewCell.xib */ = {isa = PBXFileReference; lastKnownFileType = file.xib; path = CollectionViewCell.xib; sourceTree = "<group>"; };
/* End PBXFileReference section */

/* Begin PBXFrameworksBuildPhase section */
		92C86E522A6191D7008ECA0F /* Frameworks */ = {
			isa = PBXFrameworksBuildPhase;
			buildActionMask = 2147483647;
			files = (
				92C86EA32A6554B1008ECA0F /* Kingfisher in Frameworks */,
			);
			runOnlyForDeploymentPostprocessing = 0;
		};
		92C86E6B2A6191D9008ECA0F /* Frameworks */ = {
			isa = PBXFrameworksBuildPhase;
			buildActionMask = 2147483647;
			files = (
			);
			runOnlyForDeploymentPostprocessing = 0;
		};
		92C86E752A6191D9008ECA0F /* Frameworks */ = {
			isa = PBXFrameworksBuildPhase;
			buildActionMask = 2147483647;
			files = (
			);
			runOnlyForDeploymentPostprocessing = 0;
		};
/* End PBXFrameworksBuildPhase section */

/* Begin PBXGroup section */
		92C86E4C2A6191D7008ECA0F = {
			isa = PBXGroup;
			children = (
				92C86E572A6191D7008ECA0F /* RealWeatherAppVer1 */,
				92C86E712A6191D9008ECA0F /* RealWeatherAppVer1Tests */,
				92C86E7B2A6191D9008ECA0F /* RealWeatherAppVer1UITests */,
				92C86E562A6191D7008ECA0F /* Products */,
			);
			sourceTree = "<group>";
		};
		92C86E562A6191D7008ECA0F /* Products */ = {
			isa = PBXGroup;
			children = (
				92C86E552A6191D7008ECA0F /* RealWeatherAppVer1.app */,
				92C86E6E2A6191D9008ECA0F /* RealWeatherAppVer1Tests.xctest */,
				92C86E782A6191D9008ECA0F /* RealWeatherAppVer1UITests.xctest */,
			);
			name = Products;
			sourceTree = "<group>";
		};
		92C86E572A6191D7008ECA0F /* RealWeatherAppVer1 */ = {
			isa = PBXGroup;
			children = (
				92C86E582A6191D7008ECA0F /* AppDelegate.swift */,
				92C86E5A2A6191D7008ECA0F /* SceneDelegate.swift */,
				92C86E5C2A6191D7008ECA0F /* ViewController.swift */,
				92C86E8B2A6533AC008ECA0F /* WeatherModel.swift */,
				92C86E8D2A653632008ECA0F /* ResultViewController.swift */,
				92C86E912A65536A008ECA0F /* HeaderView.swift */,
				92C86E9D2A6553C8008ECA0F /* HeaderView.xib */,
				92C86E9F2A6553D4008ECA0F /* FooterView.xib */,
				92C86E932A655381008ECA0F /* FooterView.swift */,
				92C86E952A65539D008ECA0F /* WeekTableViewCell.swift */,
				92C86E992A6553AF008ECA0F /* CollectionTableViewCell.swift */,
				92C86EA42A6558B2008ECA0F /* FooterCollectionViewCell.swift */,
				92C86EA52A6558B2008ECA0F /* FooterCollectionViewCell.xib */,
				92C86E9A2A6553AF008ECA0F /* CollectionTableViewCell.xib */,
				92C86EA82A6559C5008ECA0F /* CollectionViewCell.swift */,
				92C86EA92A6559C5008ECA0F /* CollectionViewCell.xib */,
				92C86E962A65539D008ECA0F /* WeekTableViewCell.xib */,
				92C86E8F2A65364A008ECA0F /* PageViewController.swift */,
				92C86E5E2A6191D7008ECA0F /* Main.storyboard */,
				92C86E642A6191D9008ECA0F /* Assets.xcassets */,
				92C86E662A6191D9008ECA0F /* LaunchScreen.storyboard */,
				92C86E692A6191D9008ECA0F /* Info.plist */,
				92C86E612A6191D7008ECA0F /* RealWeatherAppVer1.xcdatamodeld */,
			);
			path = RealWeatherAppVer1;
			sourceTree = "<group>";
		};
		92C86E712A6191D9008ECA0F /* RealWeatherAppVer1Tests */ = {
			isa = PBXGroup;
			children = (
				92C86E722A6191D9008ECA0F /* RealWeatherAppVer1Tests.swift */,
			);
			path = RealWeatherAppVer1Tests;
			sourceTree = "<group>";
		};
		92C86E7B2A6191D9008ECA0F /* RealWeatherAppVer1UITests */ = {
			isa = PBXGroup;
			children = (
				92C86E7C2A6191D9008ECA0F /* RealWeatherAppVer1UITests.swift */,
				92C86E7E2A6191D9008ECA0F /* RealWeatherAppVer1UITestsLaunchTests.swift */,
			);
			path = RealWeatherAppVer1UITests;
			sourceTree = "<group>";
		};
/* End PBXGroup section */

/* Begin PBXNativeTarget section */
		92C86E542A6191D7008ECA0F /* RealWeatherAppVer1 */ = {
			isa = PBXNativeTarget;
			buildConfigurationList = 92C86E822A6191D9008ECA0F /* Build configuration list for PBXNativeTarget "RealWeatherAppVer1" */;
			buildPhases = (
				92C86E512A6191D7008ECA0F /* Sources */,
				92C86E522A6191D7008ECA0F /* Frameworks */,
				92C86E532A6191D7008ECA0F /* Resources */,
			);
			buildRules = (
			);
			dependencies = (
			);
			name = RealWeatherAppVer1;
			packageProductDependencies = (
				92C86EA22A6554B1008ECA0F /* Kingfisher */,
			);
			productName = RealWeatherAppVer1;
			productReference = 92C86E552A6191D7008ECA0F /* RealWeatherAppVer1.app */;
			productType = "com.apple.product-type.application";
		};
		92C86E6D2A6191D9008ECA0F /* RealWeatherAppVer1Tests */ = {
			isa = PBXNativeTarget;
			buildConfigurationList = 92C86E852A6191D9008ECA0F /* Build configuration list for PBXNativeTarget "RealWeatherAppVer1Tests" */;
			buildPhases = (
				92C86E6A2A6191D9008ECA0F /* Sources */,
				92C86E6B2A6191D9008ECA0F /* Frameworks */,
				92C86E6C2A6191D9008ECA0F /* Resources */,
			);
			buildRules = (
			);
			dependencies = (
				92C86E702A6191D9008ECA0F /* PBXTargetDependency */,
			);
			name = RealWeatherAppVer1Tests;
			productName = RealWeatherAppVer1Tests;
			productReference = 92C86E6E2A6191D9008ECA0F /* RealWeatherAppVer1Tests.xctest */;
			productType = "com.apple.product-type.bundle.unit-test";
		};
		92C86E772A6191D9008ECA0F /* RealWeatherAppVer1UITests */ = {
			isa = PBXNativeTarget;
			buildConfigurationList = 92C86E882A6191D9008ECA0F /* Build configuration list for PBXNativeTarget "RealWeatherAppVer1UITests" */;
			buildPhases = (
				92C86E742A6191D9008ECA0F /* Sources */,
				92C86E752A6191D9008ECA0F /* Frameworks */,
				92C86E762A6191D9008ECA0F /* Resources */,
			);
			buildRules = (
			);
			dependencies = (
				92C86E7A2A6191D9008ECA0F /* PBXTargetDependency */,
			);
			name = RealWeatherAppVer1UITests;
			productName = RealWeatherAppVer1UITests;
			productReference = 92C86E782A6191D9008ECA0F /* RealWeatherAppVer1UITests.xctest */;
			productType = "com.apple.product-type.bundle.ui-testing";
		};
/* End PBXNativeTarget section */

/* Begin PBXProject section */
		92C86E4D2A6191D7008ECA0F /* Project object */ = {
			isa = PBXProject;
			attributes = {
				BuildIndependentTargetsInParallel = 1;
				LastSwiftUpdateCheck = 1430;
				LastUpgradeCheck = 1430;
				TargetAttributes = {
					92C86E542A6191D7008ECA0F = {
						CreatedOnToolsVersion = 14.3;
					};
					92C86E6D2A6191D9008ECA0F = {
						CreatedOnToolsVersion = 14.3;
						TestTargetID = 92C86E542A6191D7008ECA0F;
					};
					92C86E772A6191D9008ECA0F = {
						CreatedOnToolsVersion = 14.3;
						TestTargetID = 92C86E542A6191D7008ECA0F;
					};
				};
			};
			buildConfigurationList = 92C86E502A6191D7008ECA0F /* Build configuration list for PBXProject "RealWeatherAppVer1" */;
			compatibilityVersion = "Xcode 14.0";
			developmentRegion = en;
			hasScannedForEncodings = 0;
			knownRegions = (
				en,
				Base,
			);
			mainGroup = 92C86E4C2A6191D7008ECA0F;
			packageReferences = (
				92C86EA12A6554B1008ECA0F /* XCRemoteSwiftPackageReference "Kingfisher" */,
			);
			productRefGroup = 92C86E562A6191D7008ECA0F /* Products */;
			projectDirPath = "";
			projectRoot = "";
			targets = (
				92C86E542A6191D7008ECA0F /* RealWeatherAppVer1 */,
				92C86E6D2A6191D9008ECA0F /* RealWeatherAppVer1Tests */,
				92C86E772A6191D9008ECA0F /* RealWeatherAppVer1UITests */,
			);
		};
/* End PBXProject section */

/* Begin PBXResourcesBuildPhase section */
		92C86E532A6191D7008ECA0F /* Resources */ = {
			isa = PBXResourcesBuildPhase;
			buildActionMask = 2147483647;
			files = (
				92C86EA02A6553D4008ECA0F /* FooterView.xib in Resources */,
				92C86E9C2A6553AF008ECA0F /* CollectionTableViewCell.xib in Resources */,
				92C86E682A6191D9008ECA0F /* LaunchScreen.storyboard in Resources */,
				92C86EA72A6558B2008ECA0F /* FooterCollectionViewCell.xib in Resources */,
				92C86E982A65539D008ECA0F /* WeekTableViewCell.xib in Resources */,
				92C86E9E2A6553C8008ECA0F /* HeaderView.xib in Resources */,
				92C86E652A6191D9008ECA0F /* Assets.xcassets in Resources */,
				92C86E602A6191D7008ECA0F /* Main.storyboard in Resources */,
				92C86EAB2A6559C5008ECA0F /* CollectionViewCell.xib in Resources */,
			);
			runOnlyForDeploymentPostprocessing = 0;
		};
		92C86E6C2A6191D9008ECA0F /* Resources */ = {
			isa = PBXResourcesBuildPhase;
			buildActionMask = 2147483647;
			files = (
			);
			runOnlyForDeploymentPostprocessing = 0;
		};
		92C86E762A6191D9008ECA0F /* Resources */ = {
			isa = PBXResourcesBuildPhase;
			buildActionMask = 2147483647;
			files = (
			);
			runOnlyForDeploymentPostprocessing = 0;
		};
/* End PBXResourcesBuildPhase section */

/* Begin PBXSourcesBuildPhase section */
		92C86E512A6191D7008ECA0F /* Sources */ = {
			isa = PBXSourcesBuildPhase;
			buildActionMask = 2147483647;
			files = (
				92C86E5D2A6191D7008ECA0F /* ViewController.swift in Sources */,
				92C86E902A65364A008ECA0F /* PageViewController.swift in Sources */,
				92C86E592A6191D7008ECA0F /* AppDelegate.swift in Sources */,
				92C86E972A65539D008ECA0F /* WeekTableViewCell.swift in Sources */,
				92C86E942A655381008ECA0F /* FooterView.swift in Sources */,
				92C86E632A6191D7008ECA0F /* RealWeatherAppVer1.xcdatamodeld in Sources */,
				92C86E9B2A6553AF008ECA0F /* CollectionTableViewCell.swift in Sources */,
				92C86E5B2A6191D7008ECA0F /* SceneDelegate.swift in Sources */,
				92C86EAA2A6559C5008ECA0F /* CollectionViewCell.swift in Sources */,
				92C86E8C2A6533AC008ECA0F /* WeatherModel.swift in Sources */,
				92C86E8E2A653632008ECA0F /* ResultViewController.swift in Sources */,
				92C86E922A65536A008ECA0F /* HeaderView.swift in Sources */,
				92C86EA62A6558B2008ECA0F /* FooterCollectionViewCell.swift in Sources */,
			);
			runOnlyForDeploymentPostprocessing = 0;
		};
		92C86E6A2A6191D9008ECA0F /* Sources */ = {
			isa = PBXSourcesBuildPhase;
			buildActionMask = 2147483647;
			files = (
				92C86E732A6191D9008ECA0F /* RealWeatherAppVer1Tests.swift in Sources */,
			);
			runOnlyForDeploymentPostprocessing = 0;
		};
		92C86E742A6191D9008ECA0F /* Sources */ = {
			isa = PBXSourcesBuildPhase;
			buildActionMask = 2147483647;
			files = (
				92C86E7D2A6191D9008ECA0F /* RealWeatherAppVer1UITests.swift in Sources */,
				92C86E7F2A6191D9008ECA0F /* RealWeatherAppVer1UITestsLaunchTests.swift in Sources */,
			);
			runOnlyForDeploymentPostprocessing = 0;
		};
/* End PBXSourcesBuildPhase section */

/* Begin PBXTargetDependency section */
		92C86E702A6191D9008ECA0F /* PBXTargetDependency */ = {
			isa = PBXTargetDependency;
			target = 92C86E542A6191D7008ECA0F /* RealWeatherAppVer1 */;
			targetProxy = 92C86E6F2A6191D9008ECA0F /* PBXContainerItemProxy */;
		};
		92C86E7A2A6191D9008ECA0F /* PBXTargetDependency */ = {
			isa = PBXTargetDependency;
			target = 92C86E542A6191D7008ECA0F /* RealWeatherAppVer1 */;
			targetProxy = 92C86E792A6191D9008ECA0F /* PBXContainerItemProxy */;
		};
/* End PBXTargetDependency section */

/* Begin PBXVariantGroup section */
		92C86E5E2A6191D7008ECA0F /* Main.storyboard */ = {
			isa = PBXVariantGroup;
			children = (
				92C86E5F2A6191D7008ECA0F /* Base */,
			);
			name = Main.storyboard;
			sourceTree = "<group>";
		};
		92C86E662A6191D9008ECA0F /* LaunchScreen.storyboard */ = {
			isa = PBXVariantGroup;
			children = (
				92C86E672A6191D9008ECA0F /* Base */,
			);
			name = LaunchScreen.storyboard;
			sourceTree = "<group>";
		};
/* End PBXVariantGroup section */

/* Begin XCBuildConfiguration section */
		92C86E802A6191D9008ECA0F /* Debug */ = {
			isa = XCBuildConfiguration;
			buildSettings = {
				ALWAYS_SEARCH_USER_PATHS = NO;
				CLANG_ANALYZER_NONNULL = YES;
				CLANG_ANALYZER_NUMBER_OBJECT_CONVERSION = YES_AGGRESSIVE;
				CLANG_CXX_LANGUAGE_STANDARD = "gnu++20";
				CLANG_ENABLE_MODULES = YES;
				CLANG_ENABLE_OBJC_ARC = YES;
				CLANG_ENABLE_OBJC_WEAK = YES;
				CLANG_WARN_BLOCK_CAPTURE_AUTORELEASING = YES;
				CLANG_WARN_BOOL_CONVERSION = YES;
				CLANG_WARN_COMMA = YES;
				CLANG_WARN_CONSTANT_CONVERSION = YES;
				CLANG_WARN_DEPRECATED_OBJC_IMPLEMENTATIONS = YES;
				CLANG_WARN_DIRECT_OBJC_ISA_USAGE = YES_ERROR;
				CLANG_WARN_DOCUMENTATION_COMMENTS = YES;
				CLANG_WARN_EMPTY_BODY = YES;
				CLANG_WARN_ENUM_CONVERSION = YES;
				CLANG_WARN_INFINITE_RECURSION = YES;
				CLANG_WARN_INT_CONVERSION = YES;
				CLANG_WARN_NON_LITERAL_NULL_CONVERSION = YES;
				CLANG_WARN_OBJC_IMPLICIT_RETAIN_SELF = YES;
				CLANG_WARN_OBJC_LITERAL_CONVERSION = YES;
				CLANG_WARN_OBJC_ROOT_CLASS = YES_ERROR;
				CLANG_WARN_QUOTED_INCLUDE_IN_FRAMEWORK_HEADER = YES;
				CLANG_WARN_RANGE_LOOP_ANALYSIS = YES;
				CLANG_WARN_STRICT_PROTOTYPES = YES;
				CLANG_WARN_SUSPICIOUS_MOVE = YES;
				CLANG_WARN_UNGUARDED_AVAILABILITY = YES_AGGRESSIVE;
				CLANG_WARN_UNREACHABLE_CODE = YES;
				CLANG_WARN__DUPLICATE_METHOD_MATCH = YES;
				COPY_PHASE_STRIP = NO;
				DEBUG_INFORMATION_FORMAT = dwarf;
				ENABLE_STRICT_OBJC_MSGSEND = YES;
				ENABLE_TESTABILITY = YES;
				GCC_C_LANGUAGE_STANDARD = gnu11;
				GCC_DYNAMIC_NO_PIC = NO;
				GCC_NO_COMMON_BLOCKS = YES;
				GCC_OPTIMIZATION_LEVEL = 0;
				GCC_PREPROCESSOR_DEFINITIONS = (
					"DEBUG=1",
					"$(inherited)",
				);
				GCC_WARN_64_TO_32_BIT_CONVERSION = YES;
				GCC_WARN_ABOUT_RETURN_TYPE = YES_ERROR;
				GCC_WARN_UNDECLARED_SELECTOR = YES;
				GCC_WARN_UNINITIALIZED_AUTOS = YES_AGGRESSIVE;
				GCC_WARN_UNUSED_FUNCTION = YES;
				GCC_WARN_UNUSED_VARIABLE = YES;
				IPHONEOS_DEPLOYMENT_TARGET = 16.4;
				MTL_ENABLE_DEBUG_INFO = INCLUDE_SOURCE;
				MTL_FAST_MATH = YES;
				ONLY_ACTIVE_ARCH = YES;
				SDKROOT = iphoneos;
				SWIFT_ACTIVE_COMPILATION_CONDITIONS = DEBUG;
				SWIFT_OPTIMIZATION_LEVEL = "-Onone";
			};
			name = Debug;
		};
		92C86E812A6191D9008ECA0F /* Release */ = {
			isa = XCBuildConfiguration;
			buildSettings = {
				ALWAYS_SEARCH_USER_PATHS = NO;
				CLANG_ANALYZER_NONNULL = YES;
				CLANG_ANALYZER_NUMBER_OBJECT_CONVERSION = YES_AGGRESSIVE;
				CLANG_CXX_LANGUAGE_STANDARD = "gnu++20";
				CLANG_ENABLE_MODULES = YES;
				CLANG_ENABLE_OBJC_ARC = YES;
				CLANG_ENABLE_OBJC_WEAK = YES;
				CLANG_WARN_BLOCK_CAPTURE_AUTORELEASING = YES;
				CLANG_WARN_BOOL_CONVERSION = YES;
				CLANG_WARN_COMMA = YES;
				CLANG_WARN_CONSTANT_CONVERSION = YES;
				CLANG_WARN_DEPRECATED_OBJC_IMPLEMENTATIONS = YES;
				CLANG_WARN_DIRECT_OBJC_ISA_USAGE = YES_ERROR;
				CLANG_WARN_DOCUMENTATION_COMMENTS = YES;
				CLANG_WARN_EMPTY_BODY = YES;
				CLANG_WARN_ENUM_CONVERSION = YES;
				CLANG_WARN_INFINITE_RECURSION = YES;
				CLANG_WARN_INT_CONVERSION = YES;
				CLANG_WARN_NON_LITERAL_NULL_CONVERSION = YES;
				CLANG_WARN_OBJC_IMPLICIT_RETAIN_SELF = YES;
				CLANG_WARN_OBJC_LITERAL_CONVERSION = YES;
				CLANG_WARN_OBJC_ROOT_CLASS = YES_ERROR;
				CLANG_WARN_QUOTED_INCLUDE_IN_FRAMEWORK_HEADER = YES;
				CLANG_WARN_RANGE_LOOP_ANALYSIS = YES;
				CLANG_WARN_STRICT_PROTOTYPES = YES;
				CLANG_WARN_SUSPICIOUS_MOVE = YES;
				CLANG_WARN_UNGUARDED_AVAILABILITY = YES_AGGRESSIVE;
				CLANG_WARN_UNREACHABLE_CODE = YES;
				CLANG_WARN__DUPLICATE_METHOD_MATCH = YES;
				COPY_PHASE_STRIP = NO;
				DEBUG_INFORMATION_FORMAT = "dwarf-with-dsym";
				ENABLE_NS_ASSERTIONS = NO;
				ENABLE_STRICT_OBJC_MSGSEND = YES;
				GCC_C_LANGUAGE_STANDARD = gnu11;
				GCC_NO_COMMON_BLOCKS = YES;
				GCC_WARN_64_TO_32_BIT_CONVERSION = YES;
				GCC_WARN_ABOUT_RETURN_TYPE = YES_ERROR;
				GCC_WARN_UNDECLARED_SELECTOR = YES;
				GCC_WARN_UNINITIALIZED_AUTOS = YES_AGGRESSIVE;
				GCC_WARN_UNUSED_FUNCTION = YES;
				GCC_WARN_UNUSED_VARIABLE = YES;
				IPHONEOS_DEPLOYMENT_TARGET = 16.4;
				MTL_ENABLE_DEBUG_INFO = NO;
				MTL_FAST_MATH = YES;
				SDKROOT = iphoneos;
				SWIFT_COMPILATION_MODE = wholemodule;
				SWIFT_OPTIMIZATION_LEVEL = "-O";
				VALIDATE_PRODUCT = YES;
			};
			name = Release;
		};
		92C86E832A6191D9008ECA0F /* Debug */ = {
			isa = XCBuildConfiguration;
			buildSettings = {
				ASSETCATALOG_COMPILER_APPICON_NAME = AppIcon;
				ASSETCATALOG_COMPILER_GLOBAL_ACCENT_COLOR_NAME = AccentColor;
				CODE_SIGN_STYLE = Automatic;
				CURRENT_PROJECT_VERSION = 1;
				GENERATE_INFOPLIST_FILE = YES;
				INFOPLIST_FILE = RealWeatherAppVer1/Info.plist;
				INFOPLIST_KEY_UIApplicationSupportsIndirectInputEvents = YES;
				INFOPLIST_KEY_UILaunchStoryboardName = LaunchScreen;
				INFOPLIST_KEY_UIMainStoryboardFile = Main;
				INFOPLIST_KEY_UISupportedInterfaceOrientations_iPad = "UIInterfaceOrientationPortrait UIInterfaceOrientationPortraitUpsideDown UIInterfaceOrientationLandscapeLeft UIInterfaceOrientationLandscapeRight";
				INFOPLIST_KEY_UISupportedInterfaceOrientations_iPhone = "UIInterfaceOrientationPortrait UIInterfaceOrientationLandscapeLeft UIInterfaceOrientationLandscapeRight";
				LD_RUNPATH_SEARCH_PATHS = (
					"$(inherited)",
					"@executable_path/Frameworks",
				);
				MARKETING_VERSION = 1.0;
				PRODUCT_BUNDLE_IDENTIFIER = studyswift.RealWeatherAppVer1;
				PRODUCT_NAME = "$(TARGET_NAME)";
				SWIFT_EMIT_LOC_STRINGS = YES;
				SWIFT_VERSION = 5.0;
				TARGETED_DEVICE_FAMILY = "1,2";
			};
			name = Debug;
		};
		92C86E842A6191D9008ECA0F /* Release */ = {
			isa = XCBuildConfiguration;
			buildSettings = {
				ASSETCATALOG_COMPILER_APPICON_NAME = AppIcon;
				ASSETCATALOG_COMPILER_GLOBAL_ACCENT_COLOR_NAME = AccentColor;
				CODE_SIGN_STYLE = Automatic;
				CURRENT_PROJECT_VERSION = 1;
				GENERATE_INFOPLIST_FILE = YES;
				INFOPLIST_FILE = RealWeatherAppVer1/Info.plist;
				INFOPLIST_KEY_UIApplicationSupportsIndirectInputEvents = YES;
				INFOPLIST_KEY_UILaunchStoryboardName = LaunchScreen;
				INFOPLIST_KEY_UIMainStoryboardFile = Main;
				INFOPLIST_KEY_UISupportedInterfaceOrientations_iPad = "UIInterfaceOrientationPortrait UIInterfaceOrientationPortraitUpsideDown UIInterfaceOrientationLandscapeLeft UIInterfaceOrientationLandscapeRight";
				INFOPLIST_KEY_UISupportedInterfaceOrientations_iPhone = "UIInterfaceOrientationPortrait UIInterfaceOrientationLandscapeLeft UIInterfaceOrientationLandscapeRight";
				LD_RUNPATH_SEARCH_PATHS = (
					"$(inherited)",
					"@executable_path/Frameworks",
				);
				MARKETING_VERSION = 1.0;
				PRODUCT_BUNDLE_IDENTIFIER = studyswift.RealWeatherAppVer1;
				PRODUCT_NAME = "$(TARGET_NAME)";
				SWIFT_EMIT_LOC_STRINGS = YES;
				SWIFT_VERSION = 5.0;
				TARGETED_DEVICE_FAMILY = "1,2";
			};
			name = Release;
		};
		92C86E862A6191D9008ECA0F /* Debug */ = {
			isa = XCBuildConfiguration;
			buildSettings = {
				ALWAYS_EMBED_SWIFT_STANDARD_LIBRARIES = YES;
				BUNDLE_LOADER = "$(TEST_HOST)";
				CODE_SIGN_STYLE = Automatic;
				CURRENT_PROJECT_VERSION = 1;
				GENERATE_INFOPLIST_FILE = YES;
				IPHONEOS_DEPLOYMENT_TARGET = 16.4;
				MARKETING_VERSION = 1.0;
				PRODUCT_BUNDLE_IDENTIFIER = studyswift.RealWeatherAppVer1Tests;
				PRODUCT_NAME = "$(TARGET_NAME)";
				SWIFT_EMIT_LOC_STRINGS = NO;
				SWIFT_VERSION = 5.0;
				TARGETED_DEVICE_FAMILY = "1,2";
				TEST_HOST = "$(BUILT_PRODUCTS_DIR)/RealWeatherAppVer1.app/$(BUNDLE_EXECUTABLE_FOLDER_PATH)/RealWeatherAppVer1";
			};
			name = Debug;
		};
		92C86E872A6191D9008ECA0F /* Release */ = {
			isa = XCBuildConfiguration;
			buildSettings = {
				ALWAYS_EMBED_SWIFT_STANDARD_LIBRARIES = YES;
				BUNDLE_LOADER = "$(TEST_HOST)";
				CODE_SIGN_STYLE = Automatic;
				CURRENT_PROJECT_VERSION = 1;
				GENERATE_INFOPLIST_FILE = YES;
				IPHONEOS_DEPLOYMENT_TARGET = 16.4;
				MARKETING_VERSION = 1.0;
				PRODUCT_BUNDLE_IDENTIFIER = studyswift.RealWeatherAppVer1Tests;
				PRODUCT_NAME = "$(TARGET_NAME)";
				SWIFT_EMIT_LOC_STRINGS = NO;
				SWIFT_VERSION = 5.0;
				TARGETED_DEVICE_FAMILY = "1,2";
				TEST_HOST = "$(BUILT_PRODUCTS_DIR)/RealWeatherAppVer1.app/$(BUNDLE_EXECUTABLE_FOLDER_PATH)/RealWeatherAppVer1";
			};
			name = Release;
		};
		92C86E892A6191D9008ECA0F /* Debug */ = {
			isa = XCBuildConfiguration;
			buildSettings = {
				ALWAYS_EMBED_SWIFT_STANDARD_LIBRARIES = YES;
				CODE_SIGN_STYLE = Automatic;
				CURRENT_PROJECT_VERSION = 1;
				GENERATE_INFOPLIST_FILE = YES;
				MARKETING_VERSION = 1.0;
				PRODUCT_BUNDLE_IDENTIFIER = studyswift.RealWeatherAppVer1UITests;
				PRODUCT_NAME = "$(TARGET_NAME)";
				SWIFT_EMIT_LOC_STRINGS = NO;
				SWIFT_VERSION = 5.0;
				TARGETED_DEVICE_FAMILY = "1,2";
				TEST_TARGET_NAME = RealWeatherAppVer1;
			};
			name = Debug;
		};
		92C86E8A2A6191D9008ECA0F /* Release */ = {
			isa = XCBuildConfiguration;
			buildSettings = {
				ALWAYS_EMBED_SWIFT_STANDARD_LIBRARIES = YES;
				CODE_SIGN_STYLE = Automatic;
				CURRENT_PROJECT_VERSION = 1;
				GENERATE_INFOPLIST_FILE = YES;
				MARKETING_VERSION = 1.0;
				PRODUCT_BUNDLE_IDENTIFIER = studyswift.RealWeatherAppVer1UITests;
				PRODUCT_NAME = "$(TARGET_NAME)";
				SWIFT_EMIT_LOC_STRINGS = NO;
				SWIFT_VERSION = 5.0;
				TARGETED_DEVICE_FAMILY = "1,2";
				TEST_TARGET_NAME = RealWeatherAppVer1;
			};
			name = Release;
		};
/* End XCBuildConfiguration section */

/* Begin XCConfigurationList section */
		92C86E502A6191D7008ECA0F /* Build configuration list for PBXProject "RealWeatherAppVer1" */ = {
			isa = XCConfigurationList;
			buildConfigurations = (
				92C86E802A6191D9008ECA0F /* Debug */,
				92C86E812A6191D9008ECA0F /* Release */,
			);
			defaultConfigurationIsVisible = 0;
			defaultConfigurationName = Release;
		};
		92C86E822A6191D9008ECA0F /* Build configuration list for PBXNativeTarget "RealWeatherAppVer1" */ = {
			isa = XCConfigurationList;
			buildConfigurations = (
				92C86E832A6191D9008ECA0F /* Debug */,
				92C86E842A6191D9008ECA0F /* Release */,
			);
			defaultConfigurationIsVisible = 0;
			defaultConfigurationName = Release;
		};
		92C86E852A6191D9008ECA0F /* Build configuration list for PBXNativeTarget "RealWeatherAppVer1Tests" */ = {
			isa = XCConfigurationList;
			buildConfigurations = (
				92C86E862A6191D9008ECA0F /* Debug */,
				92C86E872A6191D9008ECA0F /* Release */,
			);
			defaultConfigurationIsVisible = 0;
			defaultConfigurationName = Release;
		};
		92C86E882A6191D9008ECA0F /* Build configuration list for PBXNativeTarget "RealWeatherAppVer1UITests" */ = {
			isa = XCConfigurationList;
			buildConfigurations = (
				92C86E892A6191D9008ECA0F /* Debug */,
				92C86E8A2A6191D9008ECA0F /* Release */,
			);
			defaultConfigurationIsVisible = 0;
			defaultConfigurationName = Release;
		};
/* End XCConfigurationList section */

/* Begin XCRemoteSwiftPackageReference section */
		92C86EA12A6554B1008ECA0F /* XCRemoteSwiftPackageReference "Kingfisher" */ = {
			isa = XCRemoteSwiftPackageReference;
			repositoryURL = "https://github.com/onevcat/Kingfisher.git";
			requirement = {
				kind = upToNextMajorVersion;
				minimumVersion = 7.0.0;
			};
		};
/* End XCRemoteSwiftPackageReference section */

/* Begin XCSwiftPackageProductDependency section */
		92C86EA22A6554B1008ECA0F /* Kingfisher */ = {
			isa = XCSwiftPackageProductDependency;
			package = 92C86EA12A6554B1008ECA0F /* XCRemoteSwiftPackageReference "Kingfisher" */;
			productName = Kingfisher;
		};
/* End XCSwiftPackageProductDependency section */

/* Begin XCVersionGroup section */
		92C86E612A6191D7008ECA0F /* RealWeatherAppVer1.xcdatamodeld */ = {
			isa = XCVersionGroup;
			children = (
				92C86E622A6191D7008ECA0F /* RealWeatherAppVer1.xcdatamodel */,
			);
			currentVersion = 92C86E622A6191D7008ECA0F /* RealWeatherAppVer1.xcdatamodel */;
			path = RealWeatherAppVer1.xcdatamodeld;
			sourceTree = "<group>";
			versionGroupType = wrapper.xcdatamodel;
		};
/* End XCVersionGroup section */
	};
	rootObject = 92C86E4D2A6191D7008ECA0F /* Project object */;
}
